
Microsoft Visual Studio Solution File, Format Version 12.00
# Visual Studio Version 16
VisualStudioVersion = 16.0.30804.86
MinimumVisualStudioVersion = 10.0.40219.1
Project("{9A19103F-16F7-4668-BE54-9A1E7A4F7556}") = "EscapeSequenceAnalyzer", "EscapeSequenceAnalyzer.csproj", "{87D3746A-ACC0-4EEA-94B9-ACE497032EB8}"
EndProject
Global
	GlobalSection(SolutionConfigurationPlatforms) = preSolution
		Debug|Any CPU = Debug|Any CPU
		Release|Any CPU = Release|Any CPU
	EndGlobalSection
	GlobalSection(ProjectConfigurationPlatforms) = postSolution
		{87D3746A-ACC0-4EEA-94B9-ACE497032EB8}.Debug|Any CPU.ActiveCfg = Debug|Any CPU
		{87D3746A-ACC0-4EEA-94B9-ACE497032EB8}.Debug|Any CPU.Build.0 = Debug|Any CPU
		{87D3746A-ACC0-4EEA-94B9-ACE497032EB8}.Release|Any CPU.ActiveCfg = Release|Any CPU
		{87D3746A-ACC0-4EEA-94B9-ACE497032EB8}.Release|Any CPU.Build.0 = Release|Any CPU
	EndGlobalSection
	GlobalSection(SolutionProperties) = preSolution
		HideSolutionNode = FALSE
	EndGlobalSection
	GlobalSection(ExtensibilityGlobals) = postSolution
		SolutionGuid = {894C300D-2FC0-4808-8559-0586C6462189}
	EndGlobalSection
EndGlobal
